<Solution>
  <Folder Name="/src/Api/">
    <Project Path="src/Api/StoneUp.Api/StoneUp.Api.csproj" />
  </Folder>
  <Folder Name="/src/BuildingBlocks/">
    <Project Path="src/BuildingBlocks/SharedKernel/SharedKernel.csproj" />
  </Folder>
  <Folder Name="/src/Modules/Identity/">
    <Project Path="src/Modules/Identity/Identity.Domain/Identity.Domain.csproj" />
    <Project Path="src/Modules/Identity/Identity.Application/Identity.Application.csproj" />
    <Project Path="src/Modules/Identity/Identity.Infrastructure/Identity.Infrastructure.csproj" />
  </Folder>
  <Folder Name="/src/Modules/Catalog/">
    <Project Path="src/Modules/Catalog/Catalog.Domain/Catalog.Domain.csproj" />
    <Project Path="src/Modules/Catalog/Catalog.Application/Catalog.Application.csproj" />
    <Project Path="src/Modules/Catalog/Catalog.Infrastructure/Catalog.Infrastructure.csproj" />
  </Folder>
</Solution>
